// !$*UTF8*$!
{
	archiveVersion = 1;
	classes = {
	};
	objectVersion = 56;
	objects = {

/* Begin PBXBuildFile section */
		A10984692C233F190098E5D6 /* rollTheDice.swift in Sources */ = {isa = PBXBuildFile; fileRef = A10984682C233F190098E5D6 /* rollTheDice.swift */; };
		A11FDE972BFFD14D0013E467 /* RandomNumber.swift in Sources */ = {isa = PBXBuildFile; fileRef = A11FDE962BFFD14D0013E467 /* RandomNumber.swift */; };
		A13945D02C24BAC1002D35FC /* headOrTail.swift in Sources */ = {isa = PBXBuildFile; fileRef = A13945CF2C24BAC1002D35FC /* headOrTail.swift */; };
		A13945D22C24C2DE002D35FC /* fortuneWheel.swift in Sources */ = {isa = PBXBuildFile; fileRef = A13945D12C24C2DE002D35FC /* fortuneWheel.swift */; };
		A1727FED2BF69C3800C7CEFA /* RandomizerApp.swift in Sources */ = {isa = PBXBuildFile; fileRef = A1727FEC2BF69C3800C7CEFA /* RandomizerApp.swift */; };
		A1727FEF2BF69C3800C7CEFA /* ContentView.swift in Sources */ = {isa = PBXBuildFile; fileRef = A1727FEE2BF69C3800C7CEFA /* ContentView.swift */; };
		A1727FF12BF69C3A00C7CEFA /* Assets.xcassets in Resources */ = {isa = PBXBuildFile; fileRef = A1727FF02BF69C3A00C7CEFA /* Assets.xcassets */; };
		A1727FF42BF69C3A00C7CEFA /* Preview Assets.xcassets in Resources */ = {isa = PBXBuildFile; fileRef = A1727FF32BF69C3A00C7CEFA /* Preview Assets.xcassets */; };
/* End PBXBuildFile section */

/* Begin PBXFileReference section */
		A10984682C233F190098E5D6 /* rollTheDice.swift */ = {isa = PBXFileReference; lastKnownFileType = sourcecode.swift; path = rollTheDice.swift; sourceTree = "<group>"; };
		A11FDE962BFFD14D0013E467 /* RandomNumber.swift */ = {isa = PBXFileReference; lastKnownFileType = sourcecode.swift; path = RandomNumber.swift; sourceTree = "<group>"; };
		A13945CF2C24BAC1002D35FC /* headOrTail.swift */ = {isa = PBXFileReference; lastKnownFileType = sourcecode.swift; path = headOrTail.swift; sourceTree = "<group>"; };
		A13945D12C24C2DE002D35FC /* fortuneWheel.swift */ = {isa = PBXFileReference; lastKnownFileType = sourcecode.swift; path = fortuneWheel.swift; sourceTree = "<group>"; };
		A1727FE92BF69C3800C7CEFA /* Randomizer.app */ = {isa = PBXFileReference; explicitFileType = wrapper.application; includeInIndex = 0; path = Randomizer.app; sourceTree = BUILT_PRODUCTS_DIR; };
		A1727FEC2BF69C3800C7CEFA /* RandomizerApp.swift */ = {isa = PBXFileReference; lastKnownFileType = sourcecode.swift; path = RandomizerApp.swift; sourceTree = "<group>"; };
		A1727FEE2BF69C3800C7CEFA /* ContentView.swift */ = {isa = PBXFileReference; lastKnownFileType = sourcecode.swift; path = ContentView.swift; sourceTree = "<group>"; };
		A1727FF02BF69C3A00C7CEFA /* Assets.xcassets */ = {isa = PBXFileReference; lastKnownFileType = folder.assetcatalog; path = Assets.xcassets; sourceTree = "<group>"; };
		A1727FF32BF69C3A00C7CEFA /* Preview Assets.xcassets */ = {isa = PBXFileReference; lastKnownFileType = folder.assetcatalog; path = "Preview Assets.xcassets"; sourceTree = "<group>"; };
/* End PBXFileReference section */

/* Begin PBXFrameworksBuildPhase section */
		A1727FE62BF69C3800C7CEFA /* Frameworks */ = {
			isa = PBXFrameworksBuildPhase;
			buildActionMask = 2147483647;
			files = (
			);
			runOnlyForDeploymentPostprocessing = 0;
		};
/* End PBXFrameworksBuildPhase section */

/* Begin PBXGroup section */
		A1727FE02BF69C3800C7CEFA = {
			isa = PBXGroup;
			children = (
				A1727FEB2BF69C3800C7CEFA /* Randomizer */,
				A1727FEA2BF69C3800C7CEFA /* Products */,
			);
			sourceTree = "<group>";
		};
		A1727FEA2BF69C3800C7CEFA /* Products */ = {
			isa = PBXGroup;
			children = (
				A1727FE92BF69C3800C7CEFA /* Randomizer.app */,
			);
			name = Products;
			sourceTree = "<group>";
		};
		A1727FEB2BF69C3800C7CEFA /* Randomizer */ = {
			isa = PBXGroup;
			children = (
				A11FDE962BFFD14D0013E467 /* RandomNumber.swift */,
				A13945CF2C24BAC1002D35FC /* headOrTail.swift */,
				A13945D12C24C2DE002D35FC /* fortuneWheel.swift */,
				A10984682C233F190098E5D6 /* rollTheDice.swift */,
				A1727FEC2BF69C3800C7CEFA /* RandomizerApp.swift */,
				A1727FEE2BF69C3800C7CEFA /* ContentView.swift */,
				A1727FF02BF69C3A00C7CEFA /* Assets.xcassets */,
				A1727FF22BF69C3A00C7CEFA /* Preview Content */,
			);
			path = Randomizer;
			sourceTree = "<group>";
		};
		A1727FF22BF69C3A00C7CEFA /* Preview Content */ = {
			isa = PBXGroup;
			children = (
				A1727FF32BF69C3A00C7CEFA /* Preview Assets.xcassets */,
			);
			path = "Preview Content";
			sourceTree = "<group>";
		};
/* End PBXGroup section */

/* Begin PBXNativeTarget section */
		A1727FE82BF69C3800C7CEFA /* Randomizer */ = {
			isa = PBXNativeTarget;
			buildConfigurationList = A1727FF72BF69C3A00C7CEFA /* Build configuration list for PBXNativeTarget "Randomizer" */;
			buildPhases = (
				A1727FE52BF69C3800C7CEFA /* Sources */,
				A1727FE62BF69C3800C7CEFA /* Frameworks */,
				A1727FE72BF69C3800C7CEFA /* Resources */,
			);
			buildRules = (
			);
			dependencies = (
			);
			name = Randomizer;
			productName = Randomizer;
			productReference = A1727FE92BF69C3800C7CEFA /* Randomizer.app */;
			productType = "com.apple.product-type.application";
		};
/* End PBXNativeTarget section */

/* Begin PBXProject section */
		A1727FE12BF69C3800C7CEFA /* Project object */ = {
			isa = PBXProject;
			attributes = {
				BuildIndependentTargetsInParallel = 1;
				LastSwiftUpdateCheck = 1540;
				LastUpgradeCheck = 1540;
				TargetAttributes = {
					A1727FE82BF69C3800C7CEFA = {
						CreatedOnToolsVersion = 15.4;
					};
				};
			};
			buildConfigurationList = A1727FE42BF69C3800C7CEFA /* Build configuration list for PBXProject "Randomizer" */;
			compatibilityVersion = "Xcode 14.0";
			developmentRegion = en;
			hasScannedForEncodings = 0;
			knownRegions = (
				en,
				Base,
			);
			mainGroup = A1727FE02BF69C3800C7CEFA;
			productRefGroup = A1727FEA2BF69C3800C7CEFA /* Products */;
			projectDirPath = "";
			projectRoot = "";
			targets = (
				A1727FE82BF69C3800C7CEFA /* Randomizer */,
			);
		};
/* End PBXProject section */

/* Begin PBXResourcesBuildPhase section */
		A1727FE72BF69C3800C7CEFA /* Resources */ = {
			isa = PBXResourcesBuildPhase;
			buildActionMask = 2147483647;
			files = (
				A1727FF42BF69C3A00C7CEFA /* Preview Assets.xcassets in Resources */,
				A1727FF12BF69C3A00C7CEFA /* Assets.xcassets in Resources */,
			);
			runOnlyForDeploymentPostprocessing = 0;
		};
/* End PBXResourcesBuildPhase section */

/* Begin PBXSourcesBuildPhase section */
		A1727FE52BF69C3800C7CEFA /* Sources */ = {
			isa = PBXSourcesBuildPhase;
			buildActionMask = 2147483647;
			files = (
				A1727FEF2BF69C3800C7CEFA /* ContentView.swift in Sources */,
				A1727FED2BF69C3800C7CEFA /* RandomizerApp.swift in Sources */,
				A11FDE972BFFD14D0013E467 /* RandomNumber.swift in Sources */,
				A13945D22C24C2DE002D35FC /* fortuneWheel.swift in Sources */,
				A10984692C233F190098E5D6 /* rollTheDice.swift in Sources */,
				A13945D02C24BAC1002D35FC /* headOrTail.swift in Sources */,
			);
			runOnlyForDeploymentPostprocessing = 0;
		};
/* End PBXSourcesBuildPhase section */

/* Begin XCBuildConfiguration section */
		A1727FF52BF69C3A00C7CEFA /* Debug */ = {
			isa = XCBuildConfiguration;
			buildSettings = {
				ALWAYS_SEARCH_USER_PATHS = NO;
				ASSETCATALOG_COMPILER_GENERATE_SWIFT_ASSET_SYMBOL_EXTENSIONS = YES;
				CLANG_ANALYZER_NONNULL = YES;
				CLANG_ANALYZER_NUMBER_OBJECT_CONVERSION = YES_AGGRESSIVE;
				CLANG_CXX_LANGUAGE_STANDARD = "gnu++20";
				CLANG_ENABLE_MODULES = YES;
				CLANG_ENABLE_OBJC_ARC = YES;
				CLANG_ENABLE_OBJC_WEAK = YES;
				CLANG_WARN_BLOCK_CAPTURE_AUTORELEASING = YES;
				CLANG_WARN_BOOL_CONVERSION = YES;
				CLANG_WARN_COMMA = YES;
				CLANG_WARN_CONSTANT_CONVERSION = YES;
				CLANG_WARN_DEPRECATED_OBJC_IMPLEMENTATIONS = YES;
				CLANG_WARN_DIRECT_OBJC_ISA_USAGE = YES_ERROR;
				CLANG_WARN_DOCUMENTATION_COMMENTS = YES;
				CLANG_WARN_EMPTY_BODY = YES;
				CLANG_WARN_ENUM_CONVERSION = YES;
				CLANG_WARN_INFINITE_RECURSION = YES;
				CLANG_WARN_INT_CONVERSION = YES;
				CLANG_WARN_NON_LITERAL_NULL_CONVERSION = YES;
				CLANG_WARN_OBJC_IMPLICIT_RETAIN_SELF = YES;
				CLANG_WARN_OBJC_LITERAL_CONVERSION = YES;
				CLANG_WARN_OBJC_ROOT_CLASS = YES_ERROR;
				CLANG_WARN_QUOTED_INCLUDE_IN_FRAMEWORK_HEADER = YES;
				CLANG_WARN_RANGE_LOOP_ANALYSIS = YES;
				CLANG_WARN_STRICT_PROTOTYPES = YES;
				CLANG_WARN_SUSPICIOUS_MOVE = YES;
				CLANG_WARN_UNGUARDED_AVAILABILITY = YES_AGGRESSIVE;
				CLANG_WARN_UNREACHABLE_CODE = YES;
				CLANG_WARN__DUPLICATE_METHOD_MATCH = YES;
				COPY_PHASE_STRIP = NO;
				DEBUG_INFORMATION_FORMAT = dwarf;
				ENABLE_STRICT_OBJC_MSGSEND = YES;
				ENABLE_TESTABILITY = YES;
				ENABLE_USER_SCRIPT_SANDBOXING = YES;
				GCC_C_LANGUAGE_STANDARD = gnu17;
				GCC_DYNAMIC_NO_PIC = NO;
				GCC_NO_COMMON_BLOCKS = YES;
				GCC_OPTIMIZATION_LEVEL = 0;
				GCC_PREPROCESSOR_DEFINITIONS = (
					"DEBUG=1",
					"$(inherited)",
				);
				GCC_WARN_64_TO_32_BIT_CONVERSION = YES;
				GCC_WARN_ABOUT_RETURN_TYPE = YES_ERROR;
				GCC_WARN_UNDECLARED_SELECTOR = YES;
				GCC_WARN_UNINITIALIZED_AUTOS = YES_AGGRESSIVE;
				GCC_WARN_UNUSED_FUNCTION = YES;
				GCC_WARN_UNUSED_VARIABLE = YES;
				IPHONEOS_DEPLOYMENT_TARGET = 17.5;
				LOCALIZATION_PREFERS_STRING_CATALOGS = YES;
				MTL_ENABLE_DEBUG_INFO = INCLUDE_SOURCE;
				MTL_FAST_MATH = YES;
				ONLY_ACTIVE_ARCH = YES;
				SDKROOT = iphoneos;
				SWIFT_ACTIVE_COMPILATION_CONDITIONS = "DEBUG $(inherited)";
				SWIFT_OPTIMIZATION_LEVEL = "-Onone";
			};
			name = Debug;
		};
		A1727FF62BF69C3A00C7CEFA /* Release */ = {
			isa = XCBuildConfiguration;
			buildSettings = {
				ALWAYS_SEARCH_USER_PATHS = NO;
				ASSETCATALOG_COMPILER_GENERATE_SWIFT_ASSET_SYMBOL_EXTENSIONS = YES;
				CLANG_ANALYZER_NONNULL = YES;
				CLANG_ANALYZER_NUMBER_OBJECT_CONVERSION = YES_AGGRESSIVE;
				CLANG_CXX_LANGUAGE_STANDARD = "gnu++20";
				CLANG_ENABLE_MODULES = YES;
				CLANG_ENABLE_OBJC_ARC = YES;
				CLANG_ENABLE_OBJC_WEAK = YES;
				CLANG_WARN_BLOCK_CAPTURE_AUTORELEASING = YES;
				CLANG_WARN_BOOL_CONVERSION = YES;
				CLANG_WARN_COMMA = YES;
				CLANG_WARN_CONSTANT_CONVERSION = YES;
				CLANG_WARN_DEPRECATED_OBJC_IMPLEMENTATIONS = YES;
				CLANG_WARN_DIRECT_OBJC_ISA_USAGE = YES_ERROR;
				CLANG_WARN_DOCUMENTATION_COMMENTS = YES;
				CLANG_WARN_EMPTY_BODY = YES;
				CLANG_WARN_ENUM_CONVERSION = YES;
				CLANG_WARN_INFINITE_RECURSION = YES;
				CLANG_WARN_INT_CONVERSION = YES;
				CLANG_WARN_NON_LITERAL_NULL_CONVERSION = YES;
				CLANG_WARN_OBJC_IMPLICIT_RETAIN_SELF = YES;
				CLANG_WARN_OBJC_LITERAL_CONVERSION = YES;
				CLANG_WARN_OBJC_ROOT_CLASS = YES_ERROR;
				CLANG_WARN_QUOTED_INCLUDE_IN_FRAMEWORK_HEADER = YES;
				CLANG_WARN_RANGE_LOOP_ANALYSIS = YES;
				CLANG_WARN_STRICT_PROTOTYPES = YES;
				CLANG_WARN_SUSPICIOUS_MOVE = YES;
				CLANG_WARN_UNGUARDED_AVAILABILITY = YES_AGGRESSIVE;
				CLANG_WARN_UNREACHABLE_CODE = YES;
				CLANG_WARN__DUPLICATE_METHOD_MATCH = YES;
				COPY_PHASE_STRIP = NO;
				DEBUG_INFORMATION_FORMAT = "dwarf-with-dsym";
				ENABLE_NS_ASSERTIONS = NO;
				ENABLE_STRICT_OBJC_MSGSEND = YES;
				ENABLE_USER_SCRIPT_SANDBOXING = YES;
				GCC_C_LANGUAGE_STANDARD = gnu17;
				GCC_NO_COMMON_BLOCKS = YES;
				GCC_WARN_64_TO_32_BIT_CONVERSION = YES;
				GCC_WARN_ABOUT_RETURN_TYPE = YES_ERROR;
				GCC_WARN_UNDECLARED_SELECTOR = YES;
				GCC_WARN_UNINITIALIZED_AUTOS = YES_AGGRESSIVE;
				GCC_WARN_UNUSED_FUNCTION = YES;
				GCC_WARN_UNUSED_VARIABLE = YES;
				IPHONEOS_DEPLOYMENT_TARGET = 17.5;
				LOCALIZATION_PREFERS_STRING_CATALOGS = YES;
				MTL_ENABLE_DEBUG_INFO = NO;
				MTL_FAST_MATH = YES;
				SDKROOT = iphoneos;
				SWIFT_COMPILATION_MODE = wholemodule;
				VALIDATE_PRODUCT = YES;
			};
			name = Release;
		};
		A1727FF82BF69C3A00C7CEFA /* Debug */ = {
			isa = XCBuildConfiguration;
			buildSettings = {
				ASSETCATALOG_COMPILER_APPICON_NAME = AppIcon;
				ASSETCATALOG_COMPILER_GLOBAL_ACCENT_COLOR_NAME = AccentColor;
				CODE_SIGN_STYLE = Automatic;
				CURRENT_PROJECT_VERSION = 1;
				DEVELOPMENT_ASSET_PATHS = "\"Randomizer/Preview Content\"";
				ENABLE_PREVIEWS = YES;
				GENERATE_INFOPLIST_FILE = YES;
				INFOPLIST_KEY_UIApplicationSceneManifest_Generation = YES;
				INFOPLIST_KEY_UIApplicationSupportsIndirectInputEvents = YES;
				INFOPLIST_KEY_UILaunchScreen_Generation = YES;
				INFOPLIST_KEY_UISupportedInterfaceOrientations_iPad = "UIInterfaceOrientationPortrait UIInterfaceOrientationPortraitUpsideDown UIInterfaceOrientationLandscapeLeft UIInterfaceOrientationLandscapeRight";
				INFOPLIST_KEY_UISupportedInterfaceOrientations_iPhone = "UIInterfaceOrientationPortrait UIInterfaceOrientationLandscapeLeft UIInterfaceOrientationLandscapeRight";
				LD_RUNPATH_SEARCH_PATHS = (
					"$(inherited)",
					"@executable_path/Frameworks",
				);
				MARKETING_VERSION = 1.0;
				PRODUCT_BUNDLE_IDENTIFIER = "-000-.Randomizer";
				PRODUCT_NAME = "$(TARGET_NAME)";
				SWIFT_EMIT_LOC_STRINGS = YES;
				SWIFT_VERSION = 5.0;
				TARGETED_DEVICE_FAMILY = "1,2";
			};
			name = Debug;
		};
		A1727FF92BF69C3A00C7CEFA /* Release */ = {
			isa = XCBuildConfiguration;
			buildSettings = {
				ASSETCATALOG_COMPILER_APPICON_NAME = AppIcon;
				ASSETCATALOG_COMPILER_GLOBAL_ACCENT_COLOR_NAME = AccentColor;
				CODE_SIGN_STYLE = Automatic;
				CURRENT_PROJECT_VERSION = 1;
				DEVELOPMENT_ASSET_PATHS = "\"Randomizer/Preview Content\"";
				ENABLE_PREVIEWS = YES;
				GENERATE_INFOPLIST_FILE = YES;
				INFOPLIST_KEY_UIApplicationSceneManifest_Generation = YES;
				INFOPLIST_KEY_UIApplicationSupportsIndirectInputEvents = YES;
				INFOPLIST_KEY_UILaunchScreen_Generation = YES;
				INFOPLIST_KEY_UISupportedInterfaceOrientations_iPad = "UIInterfaceOrientationPortrait UIInterfaceOrientationPortraitUpsideDown UIInterfaceOrientationLandscapeLeft UIInterfaceOrientationLandscapeRight";
				INFOPLIST_KEY_UISupportedInterfaceOrientations_iPhone = "UIInterfaceOrientationPortrait UIInterfaceOrientationLandscapeLeft UIInterfaceOrientationLandscapeRight";
				LD_RUNPATH_SEARCH_PATHS = (
					"$(inherited)",
					"@executable_path/Frameworks",
				);
				MARKETING_VERSION = 1.0;
				PRODUCT_BUNDLE_IDENTIFIER = "-000-.Randomizer";
				PRODUCT_NAME = "$(TARGET_NAME)";
				SWIFT_EMIT_LOC_STRINGS = YES;
				SWIFT_VERSION = 5.0;
				TARGETED_DEVICE_FAMILY = "1,2";
			};
			name = Release;
		};
/* End XCBuildConfiguration section */

/* Begin XCConfigurationList section */
		A1727FE42BF69C3800C7CEFA /* Build configuration list for PBXProject "Randomizer" */ = {
			isa = XCConfigurationList;
			buildConfigurations = (
				A1727FF52BF69C3A00C7CEFA /* Debug */,
				A1727FF62BF69C3A00C7CEFA /* Release */,
			);
			defaultConfigurationIsVisible = 0;
			defaultConfigurationName = Release;
		};
		A1727FF72BF69C3A00C7CEFA /* Build configuration list for PBXNativeTarget "Randomizer" */ = {
			isa = XCConfigurationList;
			buildConfigurations = (
				A1727FF82BF69C3A00C7CEFA /* Debug */,
				A1727FF92BF69C3A00C7CEFA /* Release */,
			);
			defaultConfigurationIsVisible = 0;
			defaultConfigurationName = Release;
		};
/* End XCConfigurationList section */
	};
	rootObject = A1727FE12BF69C3800C7CEFA /* Project object */;
}
